
Microsoft Visual Studio Solution File, Format Version 12.00
# Visual Studio Version 17
VisualStudioVersion = 17.7.34221.43
MinimumVisualStudioVersion = 10.0.40219.1
Project("{FAE04EC0-301F-11D3-BF4B-00C04F79EFBC}") = "ConsoleApp1", "ConsoleApp1\ConsoleApp1.csproj", "{DA8319E0-9779-4ACD-B656-E53F15276557}"
EndProject
Global
	GlobalSection(SolutionConfigurationPlatforms) = preSolution
		Debug|Any CPU = Debug|Any CPU
		Release|Any CPU = Release|Any CPU
	EndGlobalSection
	GlobalSection(ProjectConfigurationPlatforms) = postSolution
		{DA8319E0-9779-4ACD-B656-E53F15276557}.Debug|Any CPU.ActiveCfg = Debug|Any CPU
		{DA8319E0-9779-4ACD-B656-E53F15276557}.Debug|Any CPU.Build.0 = Debug|Any CPU
		{DA8319E0-9779-4ACD-B656-E53F15276557}.Release|Any CPU.ActiveCfg = Release|Any CPU
		{DA8319E0-9779-4ACD-B656-E53F15276557}.Release|Any CPU.Build.0 = Release|Any CPU
	EndGlobalSection
	GlobalSection(SolutionProperties) = preSolution
		HideSolutionNode = FALSE
	EndGlobalSection
	GlobalSection(ExtensibilityGlobals) = postSolution
		SolutionGuid = {A0008834-FDEA-481F-85C3-99C4349BBDC9}
	EndGlobalSection
EndGlobal
